
Microsoft Visual Studio Solution File, Format Version 12.00
# Visual Studio Version 17
VisualStudioVersion = 17.5.002.0
MinimumVisualStudioVersion = 10.0.40219.1
Project("{9A19103F-16F7-4668-BE54-9A1E7A4F7556}") = "DesafioPOO", "DesafioPOO.csproj", "{0F8DA2A9-CE81-4EA8-AB11-F0B52A96648C}"
EndProject
Global
	GlobalSection(SolutionConfigurationPlatforms) = preSolution
		Debug|Any CPU = Debug|Any CPU
		Release|Any CPU = Release|Any CPU
	EndGlobalSection
	GlobalSection(ProjectConfigurationPlatforms) = postSolution
		{0F8DA2A9-CE81-4EA8-AB11-F0B52A96648C}.Debug|Any CPU.ActiveCfg = Debug|Any CPU
		{0F8DA2A9-CE81-4EA8-AB11-F0B52A96648C}.Debug|Any CPU.Build.0 = Debug|Any CPU
		{0F8DA2A9-CE81-4EA8-AB11-F0B52A96648C}.Release|Any CPU.ActiveCfg = Release|Any CPU
		{0F8DA2A9-CE81-4EA8-AB11-F0B52A96648C}.Release|Any CPU.Build.0 = Release|Any CPU
	EndGlobalSection
	GlobalSection(SolutionProperties) = preSolution
		HideSolutionNode = FALSE
	EndGlobalSection
	GlobalSection(ExtensibilityGlobals) = postSolution
		SolutionGuid = {9971DDD0-3324-427D-90D4-595CB3F8EAE1}
	EndGlobalSection
EndGlobal
